
Microsoft Visual Studio Solution File, Format Version 12.00
# Visual Studio Version 16
VisualStudioVersion = 16.0.29926.136
MinimumVisualStudioVersion = 10.0.40219.1
Project("{8BC9CEB8-8B4A-11D0-8D11-00A0C91BC942}") = "Game", "Game\Game.vcxproj", "{54849CAA-322F-4DC8-83AA-4CF7190E01D0}"
EndProject
Project("{8BC9CEB8-8B4A-11D0-8D11-00A0C91BC942}") = "Engine", "Engine\Engine.vcxproj", "{D3371A0D-45BB-4345-B1EC-62D1757227D7}"
EndProject
Global
	GlobalSection(SolutionConfigurationPlatforms) = preSolution
		Debug|x64 = Debug|x64
		Debug|x86 = Debug|x86
		Release|x64 = Release|x64
		Release|x86 = Release|x86
	EndGlobalSection
	GlobalSection(ProjectConfigurationPlatforms) = postSolution
		{54849CAA-322F-4DC8-83AA-4CF7190E01D0}.Debug|x64.ActiveCfg = Debug|x64
		{54849CAA-322F-4DC8-83AA-4CF7190E01D0}.Debug|x64.Build.0 = Debug|x64
		{54849CAA-322F-4DC8-83AA-4CF7190E01D0}.Debug|x86.ActiveCfg = Debug|Win32
		{54849CAA-322F-4DC8-83AA-4CF7190E01D0}.Debug|x86.Build.0 = Debug|Win32
		{54849CAA-322F-4DC8-83AA-4CF7190E01D0}.Release|x64.ActiveCfg = Release|x64
		{54849CAA-322F-4DC8-83AA-4CF7190E01D0}.Release|x64.Build.0 = Release|x64
		{54849CAA-322F-4DC8-83AA-4CF7190E01D0}.Release|x86.ActiveCfg = Release|Win32
		{54849CAA-322F-4DC8-83AA-4CF7190E01D0}.Release|x86.Build.0 = Release|Win32
		{D3371A0D-45BB-4345-B1EC-62D1757227D7}.Debug|x64.ActiveCfg = Debug|x64
		{D3371A0D-45BB-4345-B1EC-62D1757227D7}.Debug|x64.Build.0 = Debug|x64
		{D3371A0D-45BB-4345-B1EC-62D1757227D7}.Debug|x86.ActiveCfg = Debug|Win32
		{D3371A0D-45BB-4345-B1EC-62D1757227D7}.Debug|x86.Build.0 = Debug|Win32
		{D3371A0D-45BB-4345-B1EC-62D1757227D7}.Release|x64.ActiveCfg = Release|x64
		{D3371A0D-45BB-4345-B1EC-62D1757227D7}.Release|x64.Build.0 = Release|x64
		{D3371A0D-45BB-4345-B1EC-62D1757227D7}.Release|x86.ActiveCfg = Release|Win32
		{D3371A0D-45BB-4345-B1EC-62D1757227D7}.Release|x86.Build.0 = Release|Win32
	EndGlobalSection
	GlobalSection(SolutionProperties) = preSolution
		HideSolutionNode = FALSE
	EndGlobalSection
	GlobalSection(ExtensibilityGlobals) = postSolution
		SolutionGuid = {26FD10DA-11FF-4C69-9E96-EEDA9B62EF39}
	EndGlobalSection
EndGlobal
